// !$*UTF8*$!
{
	archiveVersion = 1;
	classes = {
	};
	objectVersion = 46;
	objects = {

/* Begin PBXBuildFile section */
		35CB76A49DD72BFB0ED78E1D /* Pods_MindfulLifeProject.framework in Frameworks */ = {isa = PBXBuildFile; fileRef = 50587111A89719E512E3D288 /* Pods_MindfulLifeProject.framework */; };
		B513984D1BCC832100CDCF02 /* AVFoundation.framework in Frameworks */ = {isa = PBXBuildFile; fileRef = B513984C1BCC832100CDCF02 /* AVFoundation.framework */; };
		B56AAF851BC9AA06004FC5BC /* SitsTableViewController.swift in Sources */ = {isa = PBXBuildFile; fileRef = B56AAF841BC9AA06004FC5BC /* SitsTableViewController.swift */; settings = {ASSET_TAGS = (); }; };
		B56AAF871BC9B8F9004FC5BC /* SitsModel.swift in Sources */ = {isa = PBXBuildFile; fileRef = B56AAF861BC9B8F9004FC5BC /* SitsModel.swift */; settings = {ASSET_TAGS = (); }; };
		B56E37181BC1F5630017FA82 /* AppDelegate.swift in Sources */ = {isa = PBXBuildFile; fileRef = B56E37171BC1F5630017FA82 /* AppDelegate.swift */; };
		B56E371A1BC1F5630017FA82 /* HomeViewController.swift in Sources */ = {isa = PBXBuildFile; fileRef = B56E37191BC1F5630017FA82 /* HomeViewController.swift */; };
		B56E371D1BC1F5630017FA82 /* Main.storyboard in Resources */ = {isa = PBXBuildFile; fileRef = B56E371B1BC1F5630017FA82 /* Main.storyboard */; };
		B56E371F1BC1F5630017FA82 /* Assets.xcassets in Resources */ = {isa = PBXBuildFile; fileRef = B56E371E1BC1F5630017FA82 /* Assets.xcassets */; };
		B56E37221BC1F5630017FA82 /* LaunchScreen.storyboard in Resources */ = {isa = PBXBuildFile; fileRef = B56E37201BC1F5630017FA82 /* LaunchScreen.storyboard */; };
		B56E372D1BC1F5630017FA82 /* MindfulLifeProjectTests.swift in Sources */ = {isa = PBXBuildFile; fileRef = B56E372C1BC1F5630017FA82 /* MindfulLifeProjectTests.swift */; };
		B56E37381BC1F5630017FA82 /* MindfulLifeProjectUITests.swift in Sources */ = {isa = PBXBuildFile; fileRef = B56E37371BC1F5630017FA82 /* MindfulLifeProjectUITests.swift */; };
		B59C90F21BD19BAA00A6264A /* SwiftyJSON.swift in Sources */ = {isa = PBXBuildFile; fileRef = B59C90F11BD19BAA00A6264A /* SwiftyJSON.swift */; settings = {ASSET_TAGS = (); }; };
		B59C90F51BD1A21600A6264A /* SitPlayerViewController.swift in Sources */ = {isa = PBXBuildFile; fileRef = B59C90F41BD1A21600A6264A /* SitPlayerViewController.swift */; settings = {ASSET_TAGS = (); }; };
		B59C90F71BD1A78000A6264A /* ContentModel.swift in Sources */ = {isa = PBXBuildFile; fileRef = B59C90F61BD1A78000A6264A /* ContentModel.swift */; settings = {ASSET_TAGS = (); }; };
		B59C90F91BD1ADB500A6264A /* LanguageSelectViewController.swift in Sources */ = {isa = PBXBuildFile; fileRef = B59C90F81BD1ADB500A6264A /* LanguageSelectViewController.swift */; settings = {ASSET_TAGS = (); }; };
/* End PBXBuildFile section */

/* Begin PBXContainerItemProxy section */
		B56E37291BC1F5630017FA82 /* PBXContainerItemProxy */ = {
			isa = PBXContainerItemProxy;
			containerPortal = B56E370C1BC1F5620017FA82 /* Project object */;
			proxyType = 1;
			remoteGlobalIDString = B56E37131BC1F5630017FA82;
			remoteInfo = MindfulLifeProject;
		};
		B56E37341BC1F5630017FA82 /* PBXContainerItemProxy */ = {
			isa = PBXContainerItemProxy;
			containerPortal = B56E370C1BC1F5620017FA82 /* Project object */;
			proxyType = 1;
			remoteGlobalIDString = B56E37131BC1F5630017FA82;
			remoteInfo = MindfulLifeProject;
		};
/* End PBXContainerItemProxy section */

/* Begin PBXFileReference section */
		50587111A89719E512E3D288 /* Pods_MindfulLifeProject.framework */ = {isa = PBXFileReference; explicitFileType = wrapper.framework; includeInIndex = 0; path = Pods_MindfulLifeProject.framework; sourceTree = BUILT_PRODUCTS_DIR; };
		B513984C1BCC832100CDCF02 /* AVFoundation.framework */ = {isa = PBXFileReference; lastKnownFileType = wrapper.framework; name = AVFoundation.framework; path = System/Library/Frameworks/AVFoundation.framework; sourceTree = SDKROOT; };
		B56AAF841BC9AA06004FC5BC /* SitsTableViewController.swift */ = {isa = PBXFileReference; fileEncoding = 4; lastKnownFileType = sourcecode.swift; path = SitsTableViewController.swift; sourceTree = "<group>"; };
		B56AAF861BC9B8F9004FC5BC /* SitsModel.swift */ = {isa = PBXFileReference; fileEncoding = 4; lastKnownFileType = sourcecode.swift; path = SitsModel.swift; sourceTree = "<group>"; };
		B56E37141BC1F5630017FA82 /* MindfulLifeProject.app */ = {isa = PBXFileReference; explicitFileType = wrapper.application; includeInIndex = 0; path = MindfulLifeProject.app; sourceTree = BUILT_PRODUCTS_DIR; };
		B56E37171BC1F5630017FA82 /* AppDelegate.swift */ = {isa = PBXFileReference; lastKnownFileType = sourcecode.swift; path = AppDelegate.swift; sourceTree = "<group>"; };
		B56E37191BC1F5630017FA82 /* HomeViewController.swift */ = {isa = PBXFileReference; lastKnownFileType = sourcecode.swift; path = HomeViewController.swift; sourceTree = "<group>"; };
		B56E371C1BC1F5630017FA82 /* Base */ = {isa = PBXFileReference; lastKnownFileType = file.storyboard; name = Base; path = Base.lproj/Main.storyboard; sourceTree = "<group>"; };
		B56E371E1BC1F5630017FA82 /* Assets.xcassets */ = {isa = PBXFileReference; lastKnownFileType = folder.assetcatalog; path = Assets.xcassets; sourceTree = "<group>"; };
		B56E37211BC1F5630017FA82 /* Base */ = {isa = PBXFileReference; lastKnownFileType = file.storyboard; name = Base; path = Base.lproj/LaunchScreen.storyboard; sourceTree = "<group>"; };
		B56E37231BC1F5630017FA82 /* Info.plist */ = {isa = PBXFileReference; lastKnownFileType = text.plist.xml; path = Info.plist; sourceTree = "<group>"; };
		B56E37281BC1F5630017FA82 /* MindfulLifeProjectTests.xctest */ = {isa = PBXFileReference; explicitFileType = wrapper.cfbundle; includeInIndex = 0; path = MindfulLifeProjectTests.xctest; sourceTree = BUILT_PRODUCTS_DIR; };
		B56E372C1BC1F5630017FA82 /* MindfulLifeProjectTests.swift */ = {isa = PBXFileReference; lastKnownFileType = sourcecode.swift; path = MindfulLifeProjectTests.swift; sourceTree = "<group>"; };
		B56E372E1BC1F5630017FA82 /* Info.plist */ = {isa = PBXFileReference; lastKnownFileType = text.plist.xml; path = Info.plist; sourceTree = "<group>"; };
		B56E37331BC1F5630017FA82 /* MindfulLifeProjectUITests.xctest */ = {isa = PBXFileReference; explicitFileType = wrapper.cfbundle; includeInIndex = 0; path = MindfulLifeProjectUITests.xctest; sourceTree = BUILT_PRODUCTS_DIR; };
		B56E37371BC1F5630017FA82 /* MindfulLifeProjectUITests.swift */ = {isa = PBXFileReference; lastKnownFileType = sourcecode.swift; path = MindfulLifeProjectUITests.swift; sourceTree = "<group>"; };
		B56E37391BC1F5630017FA82 /* Info.plist */ = {isa = PBXFileReference; lastKnownFileType = text.plist.xml; path = Info.plist; sourceTree = "<group>"; };
		B59C90F11BD19BAA00A6264A /* SwiftyJSON.swift */ = {isa = PBXFileReference; fileEncoding = 4; lastKnownFileType = sourcecode.swift; path = SwiftyJSON.swift; sourceTree = "<group>"; };
		B59C90F41BD1A21600A6264A /* SitPlayerViewController.swift */ = {isa = PBXFileReference; fileEncoding = 4; lastKnownFileType = sourcecode.swift; path = SitPlayerViewController.swift; sourceTree = "<group>"; };
		B59C90F61BD1A78000A6264A /* ContentModel.swift */ = {isa = PBXFileReference; fileEncoding = 4; lastKnownFileType = sourcecode.swift; path = ContentModel.swift; sourceTree = "<group>"; };
		B59C90F81BD1ADB500A6264A /* LanguageSelectViewController.swift */ = {isa = PBXFileReference; fileEncoding = 4; lastKnownFileType = sourcecode.swift; path = LanguageSelectViewController.swift; sourceTree = "<group>"; };
		BE43FC5D52B6DA86DDD1A852 /* Pods-MindfulLifeProject.release.xcconfig */ = {isa = PBXFileReference; includeInIndex = 1; lastKnownFileType = text.xcconfig; name = "Pods-MindfulLifeProject.release.xcconfig"; path = "Pods/Target Support Files/Pods-MindfulLifeProject/Pods-MindfulLifeProject.release.xcconfig"; sourceTree = "<group>"; };
		D8A81E924AD01CA9C7122606 /* Pods-MindfulLifeProject.debug.xcconfig */ = {isa = PBXFileReference; includeInIndex = 1; lastKnownFileType = text.xcconfig; name = "Pods-MindfulLifeProject.debug.xcconfig"; path = "Pods/Target Support Files/Pods-MindfulLifeProject/Pods-MindfulLifeProject.debug.xcconfig"; sourceTree = "<group>"; };
/* End PBXFileReference section */

/* Begin PBXFrameworksBuildPhase section */
		B56E37111BC1F5630017FA82 /* Frameworks */ = {
			isa = PBXFrameworksBuildPhase;
			buildActionMask = 2147483647;
			files = (
				B513984D1BCC832100CDCF02 /* AVFoundation.framework in Frameworks */,
				35CB76A49DD72BFB0ED78E1D /* Pods_MindfulLifeProject.framework in Frameworks */,
			);
			runOnlyForDeploymentPostprocessing = 0;
		};
		B56E37251BC1F5630017FA82 /* Frameworks */ = {
			isa = PBXFrameworksBuildPhase;
			buildActionMask = 2147483647;
			files = (
			);
			runOnlyForDeploymentPostprocessing = 0;
		};
		B56E37301BC1F5630017FA82 /* Frameworks */ = {
			isa = PBXFrameworksBuildPhase;
			buildActionMask = 2147483647;
			files = (
			);
			runOnlyForDeploymentPostprocessing = 0;
		};
/* End PBXFrameworksBuildPhase section */

/* Begin PBXGroup section */
		033E74FDE560AA7B007B0047 /* Pods */ = {
			isa = PBXGroup;
			children = (
				D8A81E924AD01CA9C7122606 /* Pods-MindfulLifeProject.debug.xcconfig */,
				BE43FC5D52B6DA86DDD1A852 /* Pods-MindfulLifeProject.release.xcconfig */,
			);
			name = Pods;
			sourceTree = "<group>";
		};
		7CA7C555BFFF0BE0F65B1197 /* Frameworks */ = {
			isa = PBXGroup;
			children = (
				B513984C1BCC832100CDCF02 /* AVFoundation.framework */,
				50587111A89719E512E3D288 /* Pods_MindfulLifeProject.framework */,
			);
			name = Frameworks;
			sourceTree = "<group>";
		};
		B56E370B1BC1F5620017FA82 = {
			isa = PBXGroup;
			children = (
				B56E37161BC1F5630017FA82 /* MindfulLifeProject */,
				B56E372B1BC1F5630017FA82 /* MindfulLifeProjectTests */,
				B56E37361BC1F5630017FA82 /* MindfulLifeProjectUITests */,
				B56E37151BC1F5630017FA82 /* Products */,
				033E74FDE560AA7B007B0047 /* Pods */,
				7CA7C555BFFF0BE0F65B1197 /* Frameworks */,
			);
			sourceTree = "<group>";
		};
		B56E37151BC1F5630017FA82 /* Products */ = {
			isa = PBXGroup;
			children = (
				B56E37141BC1F5630017FA82 /* MindfulLifeProject.app */,
				B56E37281BC1F5630017FA82 /* MindfulLifeProjectTests.xctest */,
				B56E37331BC1F5630017FA82 /* MindfulLifeProjectUITests.xctest */,
			);
			name = Products;
			sourceTree = "<group>";
		};
		B56E37161BC1F5630017FA82 /* MindfulLifeProject */ = {
			isa = PBXGroup;
			children = (
				B59C90F31BD19CA300A6264A /* Sits */,
				B56E37171BC1F5630017FA82 /* AppDelegate.swift */,
				B59C90F81BD1ADB500A6264A /* LanguageSelectViewController.swift */,
				B56E37191BC1F5630017FA82 /* HomeViewController.swift */,
				B59C90F61BD1A78000A6264A /* ContentModel.swift */,
				B59C90F11BD19BAA00A6264A /* SwiftyJSON.swift */,
				B56E371B1BC1F5630017FA82 /* Main.storyboard */,
				B56E37201BC1F5630017FA82 /* LaunchScreen.storyboard */,
				B56E371E1BC1F5630017FA82 /* Assets.xcassets */,
				B56E37231BC1F5630017FA82 /* Info.plist */,
			);
			path = MindfulLifeProject;
			sourceTree = "<group>";
		};
		B56E372B1BC1F5630017FA82 /* MindfulLifeProjectTests */ = {
			isa = PBXGroup;
			children = (
				B56E372C1BC1F5630017FA82 /* MindfulLifeProjectTests.swift */,
				B56E372E1BC1F5630017FA82 /* Info.plist */,
			);
			path = MindfulLifeProjectTests;
			sourceTree = "<group>";
		};
		B56E37361BC1F5630017FA82 /* MindfulLifeProjectUITests */ = {
			isa = PBXGroup;
			children = (
				B56E37371BC1F5630017FA82 /* MindfulLifeProjectUITests.swift */,
				B56E37391BC1F5630017FA82 /* Info.plist */,
			);
			path = MindfulLifeProjectUITests;
			sourceTree = "<group>";
		};
		B59C90F31BD19CA300A6264A /* Sits */ = {
			isa = PBXGroup;
			children = (
				B56AAF861BC9B8F9004FC5BC /* SitsModel.swift */,
				B56AAF841BC9AA06004FC5BC /* SitsTableViewController.swift */,
				B59C90F41BD1A21600A6264A /* SitPlayerViewController.swift */,
			);
			name = Sits;
			sourceTree = "<group>";
		};
/* End PBXGroup section */

/* Begin PBXNativeTarget section */
		B56E37131BC1F5630017FA82 /* MindfulLifeProject */ = {
			isa = PBXNativeTarget;
			buildConfigurationList = B56E373C1BC1F5630017FA82 /* Build configuration list for PBXNativeTarget "MindfulLifeProject" */;
			buildPhases = (
				B86849ECA64A2356BC707EB5 /* Check Pods Manifest.lock */,
				B56E37101BC1F5630017FA82 /* Sources */,
				B56E37111BC1F5630017FA82 /* Frameworks */,
				B56E37121BC1F5630017FA82 /* Resources */,
				7A495DB7886050E623E592AB /* Embed Pods Frameworks */,
				7012EF3F8E75CC99ED681B9F /* Copy Pods Resources */,
			);
			buildRules = (
			);
			dependencies = (
			);
			name = MindfulLifeProject;
			productName = MindfulLifeProject;
			productReference = B56E37141BC1F5630017FA82 /* MindfulLifeProject.app */;
			productType = "com.apple.product-type.application";
		};
		B56E37271BC1F5630017FA82 /* MindfulLifeProjectTests */ = {
			isa = PBXNativeTarget;
			buildConfigurationList = B56E373F1BC1F5630017FA82 /* Build configuration list for PBXNativeTarget "MindfulLifeProjectTests" */;
			buildPhases = (
				B56E37241BC1F5630017FA82 /* Sources */,
				B56E37251BC1F5630017FA82 /* Frameworks */,
				B56E37261BC1F5630017FA82 /* Resources */,
			);
			buildRules = (
			);
			dependencies = (
				B56E372A1BC1F5630017FA82 /* PBXTargetDependency */,
			);
			name = MindfulLifeProjectTests;
			productName = MindfulLifeProjectTests;
			productReference = B56E37281BC1F5630017FA82 /* MindfulLifeProjectTests.xctest */;
			productType = "com.apple.product-type.bundle.unit-test";
		};
		B56E37321BC1F5630017FA82 /* MindfulLifeProjectUITests */ = {
			isa = PBXNativeTarget;
			buildConfigurationList = B56E37421BC1F5630017FA82 /* Build configuration list for PBXNativeTarget "MindfulLifeProjectUITests" */;
			buildPhases = (
				B56E372F1BC1F5630017FA82 /* Sources */,
				B56E37301BC1F5630017FA82 /* Frameworks */,
				B56E37311BC1F5630017FA82 /* Resources */,
			);
			buildRules = (
			);
			dependencies = (
				B56E37351BC1F5630017FA82 /* PBXTargetDependency */,
			);
			name = MindfulLifeProjectUITests;
			productName = MindfulLifeProjectUITests;
			productReference = B56E37331BC1F5630017FA82 /* MindfulLifeProjectUITests.xctest */;
			productType = "com.apple.product-type.bundle.ui-testing";
		};
/* End PBXNativeTarget section */

/* Begin PBXProject section */
		B56E370C1BC1F5620017FA82 /* Project object */ = {
			isa = PBXProject;
			attributes = {
				LastUpgradeCheck = 0700;
				ORGANIZATIONNAME = "Christopher Queen";
				TargetAttributes = {
					B56E37131BC1F5630017FA82 = {
						CreatedOnToolsVersion = 7.0;
					};
					B56E37271BC1F5630017FA82 = {
						CreatedOnToolsVersion = 7.0;
						TestTargetID = B56E37131BC1F5630017FA82;
					};
					B56E37321BC1F5630017FA82 = {
						CreatedOnToolsVersion = 7.0;
						TestTargetID = B56E37131BC1F5630017FA82;
					};
				};
			};
			buildConfigurationList = B56E370F1BC1F5620017FA82 /* Build configuration list for PBXProject "MindfulLifeProject" */;
			compatibilityVersion = "Xcode 3.2";
			developmentRegion = English;
			hasScannedForEncodings = 0;
			knownRegions = (
				en,
				Base,
			);
			mainGroup = B56E370B1BC1F5620017FA82;
			productRefGroup = B56E37151BC1F5630017FA82 /* Products */;
			projectDirPath = "";
			projectRoot = "";
			targets = (
				B56E37131BC1F5630017FA82 /* MindfulLifeProject */,
				B56E37271BC1F5630017FA82 /* MindfulLifeProjectTests */,
				B56E37321BC1F5630017FA82 /* MindfulLifeProjectUITests */,
			);
		};
/* End PBXProject section */

/* Begin PBXResourcesBuildPhase section */
		B56E37121BC1F5630017FA82 /* Resources */ = {
			isa = PBXResourcesBuildPhase;
			buildActionMask = 2147483647;
			files = (
				B56E37221BC1F5630017FA82 /* LaunchScreen.storyboard in Resources */,
				B56E371F1BC1F5630017FA82 /* Assets.xcassets in Resources */,
				B56E371D1BC1F5630017FA82 /* Main.storyboard in Resources */,
			);
			runOnlyForDeploymentPostprocessing = 0;
		};
		B56E37261BC1F5630017FA82 /* Resources */ = {
			isa = PBXResourcesBuildPhase;
			buildActionMask = 2147483647;
			files = (
			);
			runOnlyForDeploymentPostprocessing = 0;
		};
		B56E37311BC1F5630017FA82 /* Resources */ = {
			isa = PBXResourcesBuildPhase;
			buildActionMask = 2147483647;
			files = (
			);
			runOnlyForDeploymentPostprocessing = 0;
		};
/* End PBXResourcesBuildPhase section */

/* Begin PBXShellScriptBuildPhase section */
		7012EF3F8E75CC99ED681B9F /* Copy Pods Resources */ = {
			isa = PBXShellScriptBuildPhase;
			buildActionMask = 2147483647;
			files = (
			);
			inputPaths = (
			);
			name = "Copy Pods Resources";
			outputPaths = (
			);
			runOnlyForDeploymentPostprocessing = 0;
			shellPath = /bin/sh;
			shellScript = "\"${SRCROOT}/Pods/Target Support Files/Pods-MindfulLifeProject/Pods-MindfulLifeProject-resources.sh\"\n";
			showEnvVarsInLog = 0;
		};
		7A495DB7886050E623E592AB /* Embed Pods Frameworks */ = {
			isa = PBXShellScriptBuildPhase;
			buildActionMask = 2147483647;
			files = (
			);
			inputPaths = (
			);
			name = "Embed Pods Frameworks";
			outputPaths = (
			);
			runOnlyForDeploymentPostprocessing = 0;
			shellPath = /bin/sh;
			shellScript = "\"${SRCROOT}/Pods/Target Support Files/Pods-MindfulLifeProject/Pods-MindfulLifeProject-frameworks.sh\"\n";
			showEnvVarsInLog = 0;
		};
		B86849ECA64A2356BC707EB5 /* Check Pods Manifest.lock */ = {
			isa = PBXShellScriptBuildPhase;
			buildActionMask = 2147483647;
			files = (
			);
			inputPaths = (
			);
			name = "Check Pods Manifest.lock";
			outputPaths = (
			);
			runOnlyForDeploymentPostprocessing = 0;
			shellPath = /bin/sh;
			shellScript = "diff \"${PODS_ROOT}/../Podfile.lock\" \"${PODS_ROOT}/Manifest.lock\" > /dev/null\nif [[ $? != 0 ]] ; then\n    cat << EOM\nerror: The sandbox is not in sync with the Podfile.lock. Run 'pod install' or update your CocoaPods installation.\nEOM\n    exit 1\nfi\n";
			showEnvVarsInLog = 0;
		};
/* End PBXShellScriptBuildPhase section */

/* Begin PBXSourcesBuildPhase section */
		B56E37101BC1F5630017FA82 /* Sources */ = {
			isa = PBXSourcesBuildPhase;
			buildActionMask = 2147483647;
			files = (
				B59C90F91BD1ADB500A6264A /* LanguageSelectViewController.swift in Sources */,
				B59C90F71BD1A78000A6264A /* ContentModel.swift in Sources */,
				B59C90F51BD1A21600A6264A /* SitPlayerViewController.swift in Sources */,
				B56AAF851BC9AA06004FC5BC /* SitsTableViewController.swift in Sources */,
				B56E371A1BC1F5630017FA82 /* HomeViewController.swift in Sources */,
				B56AAF871BC9B8F9004FC5BC /* SitsModel.swift in Sources */,
				B59C90F21BD19BAA00A6264A /* SwiftyJSON.swift in Sources */,
				B56E37181BC1F5630017FA82 /* AppDelegate.swift in Sources */,
			);
			runOnlyForDeploymentPostprocessing = 0;
		};
		B56E37241BC1F5630017FA82 /* Sources */ = {
			isa = PBXSourcesBuildPhase;
			buildActionMask = 2147483647;
			files = (
				B56E372D1BC1F5630017FA82 /* MindfulLifeProjectTests.swift in Sources */,
			);
			runOnlyForDeploymentPostprocessing = 0;
		};
		B56E372F1BC1F5630017FA82 /* Sources */ = {
			isa = PBXSourcesBuildPhase;
			buildActionMask = 2147483647;
			files = (
				B56E37381BC1F5630017FA82 /* MindfulLifeProjectUITests.swift in Sources */,
			);
			runOnlyForDeploymentPostprocessing = 0;
		};
/* End PBXSourcesBuildPhase section */

/* Begin PBXTargetDependency section */
		B56E372A1BC1F5630017FA82 /* PBXTargetDependency */ = {
			isa = PBXTargetDependency;
			target = B56E37131BC1F5630017FA82 /* MindfulLifeProject */;
			targetProxy = B56E37291BC1F5630017FA82 /* PBXContainerItemProxy */;
		};
		B56E37351BC1F5630017FA82 /* PBXTargetDependency */ = {
			isa = PBXTargetDependency;
			target = B56E37131BC1F5630017FA82 /* MindfulLifeProject */;
			targetProxy = B56E37341BC1F5630017FA82 /* PBXContainerItemProxy */;
		};
/* End PBXTargetDependency section */

/* Begin PBXVariantGroup section */
		B56E371B1BC1F5630017FA82 /* Main.storyboard */ = {
			isa = PBXVariantGroup;
			children = (
				B56E371C1BC1F5630017FA82 /* Base */,
			);
			name = Main.storyboard;
			sourceTree = "<group>";
		};
		B56E37201BC1F5630017FA82 /* LaunchScreen.storyboard */ = {
			isa = PBXVariantGroup;
			children = (
				B56E37211BC1F5630017FA82 /* Base */,
			);
			name = LaunchScreen.storyboard;
			sourceTree = "<group>";
		};
/* End PBXVariantGroup section */

/* Begin XCBuildConfiguration section */
		B56E373A1BC1F5630017FA82 /* Debug */ = {
			isa = XCBuildConfiguration;
			buildSettings = {
				ALWAYS_SEARCH_USER_PATHS = NO;
				CLANG_CXX_LANGUAGE_STANDARD = "gnu++0x";
				CLANG_CXX_LIBRARY = "libc++";
				CLANG_ENABLE_MODULES = YES;
				CLANG_ENABLE_OBJC_ARC = YES;
				CLANG_WARN_BOOL_CONVERSION = YES;
				CLANG_WARN_CONSTANT_CONVERSION = YES;
				CLANG_WARN_DIRECT_OBJC_ISA_USAGE = YES_ERROR;
				CLANG_WARN_EMPTY_BODY = YES;
				CLANG_WARN_ENUM_CONVERSION = YES;
				CLANG_WARN_INT_CONVERSION = YES;
				CLANG_WARN_OBJC_ROOT_CLASS = YES_ERROR;
				CLANG_WARN_UNREACHABLE_CODE = YES;
				CLANG_WARN__DUPLICATE_METHOD_MATCH = YES;
				"CODE_SIGN_IDENTITY[sdk=iphoneos*]" = "iPhone Developer";
				COPY_PHASE_STRIP = NO;
				DEBUG_INFORMATION_FORMAT = dwarf;
				ENABLE_STRICT_OBJC_MSGSEND = YES;
				ENABLE_TESTABILITY = YES;
				GCC_C_LANGUAGE_STANDARD = gnu99;
				GCC_DYNAMIC_NO_PIC = NO;
				GCC_NO_COMMON_BLOCKS = YES;
				GCC_OPTIMIZATION_LEVEL = 0;
				GCC_PREPROCESSOR_DEFINITIONS = (
					"DEBUG=1",
					"$(inherited)",
				);
				GCC_WARN_64_TO_32_BIT_CONVERSION = YES;
				GCC_WARN_ABOUT_RETURN_TYPE = YES_ERROR;
				GCC_WARN_UNDECLARED_SELECTOR = YES;
				GCC_WARN_UNINITIALIZED_AUTOS = YES_AGGRESSIVE;
				GCC_WARN_UNUSED_FUNCTION = YES;
				GCC_WARN_UNUSED_VARIABLE = YES;
				IPHONEOS_DEPLOYMENT_TARGET = 9.0;
				MTL_ENABLE_DEBUG_INFO = YES;
				ONLY_ACTIVE_ARCH = YES;
				SDKROOT = iphoneos;
				SWIFT_OPTIMIZATION_LEVEL = "-Onone";
				TARGETED_DEVICE_FAMILY = "1,2";
			};
			name = Debug;
		};
		B56E373B1BC1F5630017FA82 /* Release */ = {
			isa = XCBuildConfiguration;
			buildSettings = {
				ALWAYS_SEARCH_USER_PATHS = NO;
				CLANG_CXX_LANGUAGE_STANDARD = "gnu++0x";
				CLANG_CXX_LIBRARY = "libc++";
				CLANG_ENABLE_MODULES = YES;
				CLANG_ENABLE_OBJC_ARC = YES;
				CLANG_WARN_BOOL_CONVERSION = YES;
				CLANG_WARN_CONSTANT_CONVERSION = YES;
				CLANG_WARN_DIRECT_OBJC_ISA_USAGE = YES_ERROR;
				CLANG_WARN_EMPTY_BODY = YES;
				CLANG_WARN_ENUM_CONVERSION = YES;
				CLANG_WARN_INT_CONVERSION = YES;
				CLANG_WARN_OBJC_ROOT_CLASS = YES_ERROR;
				CLANG_WARN_UNREACHABLE_CODE = YES;
				CLANG_WARN__DUPLICATE_METHOD_MATCH = YES;
				"CODE_SIGN_IDENTITY[sdk=iphoneos*]" = "iPhone Developer";
				COPY_PHASE_STRIP = NO;
				DEBUG_INFORMATION_FORMAT = "dwarf-with-dsym";
				ENABLE_NS_ASSERTIONS = NO;
				ENABLE_STRICT_OBJC_MSGSEND = YES;
				GCC_C_LANGUAGE_STANDARD = gnu99;
				GCC_NO_COMMON_BLOCKS = YES;
				GCC_WARN_64_TO_32_BIT_CONVERSION = YES;
				GCC_WARN_ABOUT_RETURN_TYPE = YES_ERROR;
				GCC_WARN_UNDECLARED_SELECTOR = YES;
				GCC_WARN_UNINITIALIZED_AUTOS = YES_AGGRESSIVE;
				GCC_WARN_UNUSED_FUNCTION = YES;
				GCC_WARN_UNUSED_VARIABLE = YES;
				IPHONEOS_DEPLOYMENT_TARGET = 9.0;
				MTL_ENABLE_DEBUG_INFO = NO;
				SDKROOT = iphoneos;
				TARGETED_DEVICE_FAMILY = "1,2";
				VALIDATE_PRODUCT = YES;
			};
			name = Release;
		};
		B56E373D1BC1F5630017FA82 /* Debug */ = {
			isa = XCBuildConfiguration;
			baseConfigurationReference = D8A81E924AD01CA9C7122606 /* Pods-MindfulLifeProject.debug.xcconfig */;
			buildSettings = {
				ASSETCATALOG_COMPILER_APPICON_NAME = AppIcon;
				INFOPLIST_FILE = MindfulLifeProject/Info.plist;
				LD_RUNPATH_SEARCH_PATHS = "$(inherited) @executable_path/Frameworks";
				PRODUCT_BUNDLE_IDENTIFIER = "com.chris-queen.MindfulLifeProject";
				PRODUCT_NAME = "$(TARGET_NAME)";
			};
			name = Debug;
		};
		B56E373E1BC1F5630017FA82 /* Release */ = {
			isa = XCBuildConfiguration;
			baseConfigurationReference = BE43FC5D52B6DA86DDD1A852 /* Pods-MindfulLifeProject.release.xcconfig */;
			buildSettings = {
				ASSETCATALOG_COMPILER_APPICON_NAME = AppIcon;
				INFOPLIST_FILE = MindfulLifeProject/Info.plist;
				LD_RUNPATH_SEARCH_PATHS = "$(inherited) @executable_path/Frameworks";
				PRODUCT_BUNDLE_IDENTIFIER = "com.chris-queen.MindfulLifeProject";
				PRODUCT_NAME = "$(TARGET_NAME)";
			};
			name = Release;
		};
		B56E37401BC1F5630017FA82 /* Debug */ = {
			isa = XCBuildConfiguration;
			buildSettings = {
				BUNDLE_LOADER = "$(TEST_HOST)";
				INFOPLIST_FILE = MindfulLifeProjectTests/Info.plist;
				LD_RUNPATH_SEARCH_PATHS = "$(inherited) @executable_path/Frameworks @loader_path/Frameworks";
				PRODUCT_BUNDLE_IDENTIFIER = "com.chris-queen.MindfulLifeProjectTests";
				PRODUCT_NAME = "$(TARGET_NAME)";
				TEST_HOST = "$(BUILT_PRODUCTS_DIR)/MindfulLifeProject.app/MindfulLifeProject";
			};
			name = Debug;
		};
		B56E37411BC1F5630017FA82 /* Release */ = {
			isa = XCBuildConfiguration;
			buildSettings = {
				BUNDLE_LOADER = "$(TEST_HOST)";
				INFOPLIST_FILE = MindfulLifeProjectTests/Info.plist;
				LD_RUNPATH_SEARCH_PATHS = "$(inherited) @executable_path/Frameworks @loader_path/Frameworks";
				PRODUCT_BUNDLE_IDENTIFIER = "com.chris-queen.MindfulLifeProjectTests";
				PRODUCT_NAME = "$(TARGET_NAME)";
				TEST_HOST = "$(BUILT_PRODUCTS_DIR)/MindfulLifeProject.app/MindfulLifeProject";
			};
			name = Release;
		};
		B56E37431BC1F5630017FA82 /* Debug */ = {
			isa = XCBuildConfiguration;
			buildSettings = {
				INFOPLIST_FILE = MindfulLifeProjectUITests/Info.plist;
				LD_RUNPATH_SEARCH_PATHS = "$(inherited) @executable_path/Frameworks @loader_path/Frameworks";
				PRODUCT_BUNDLE_IDENTIFIER = "com.chris-queen.MindfulLifeProjectUITests";
				PRODUCT_NAME = "$(TARGET_NAME)";
				TEST_TARGET_NAME = MindfulLifeProject;
				USES_XCTRUNNER = YES;
			};
			name = Debug;
		};
		B56E37441BC1F5630017FA82 /* Release */ = {
			isa = XCBuildConfiguration;
			buildSettings = {
				INFOPLIST_FILE = MindfulLifeProjectUITests/Info.plist;
				LD_RUNPATH_SEARCH_PATHS = "$(inherited) @executable_path/Frameworks @loader_path/Frameworks";
				PRODUCT_BUNDLE_IDENTIFIER = "com.chris-queen.MindfulLifeProjectUITests";
				PRODUCT_NAME = "$(TARGET_NAME)";
				TEST_TARGET_NAME = MindfulLifeProject;
				USES_XCTRUNNER = YES;
			};
			name = Release;
		};
/* End XCBuildConfiguration section */

/* Begin XCConfigurationList section */
		B56E370F1BC1F5620017FA82 /* Build configuration list for PBXProject "MindfulLifeProject" */ = {
			isa = XCConfigurationList;
			buildConfigurations = (
				B56E373A1BC1F5630017FA82 /* Debug */,
				B56E373B1BC1F5630017FA82 /* Release */,
			);
			defaultConfigurationIsVisible = 0;
			defaultConfigurationName = Release;
		};
		B56E373C1BC1F5630017FA82 /* Build configuration list for PBXNativeTarget "MindfulLifeProject" */ = {
			isa = XCConfigurationList;
			buildConfigurations = (
				B56E373D1BC1F5630017FA82 /* Debug */,
				B56E373E1BC1F5630017FA82 /* Release */,
			);
			defaultConfigurationIsVisible = 0;
			defaultConfigurationName = Release;
		};
		B56E373F1BC1F5630017FA82 /* Build configuration list for PBXNativeTarget "MindfulLifeProjectTests" */ = {
			isa = XCConfigurationList;
			buildConfigurations = (
				B56E37401BC1F5630017FA82 /* Debug */,
				B56E37411BC1F5630017FA82 /* Release */,
			);
			defaultConfigurationIsVisible = 0;
			defaultConfigurationName = Release;
		};
		B56E37421BC1F5630017FA82 /* Build configuration list for PBXNativeTarget "MindfulLifeProjectUITests" */ = {
			isa = XCConfigurationList;
			buildConfigurations = (
				B56E37431BC1F5630017FA82 /* Debug */,
				B56E37441BC1F5630017FA82 /* Release */,
			);
			defaultConfigurationIsVisible = 0;
			defaultConfigurationName = Release;
		};
/* End XCConfigurationList section */
	};
	rootObject = B56E370C1BC1F5620017FA82 /* Project object */;
}
